
Microsoft Visual Studio Solution File, Format Version 12.00
# Visual Studio 2012
Project("{FAE04EC0-301F-11D3-BF4B-00C04F79EFBC}") = "AsyncClientServer", "AsyncClientServer\AsyncClientServer.csproj", "{4F47B808-39D6-494A-9F26-10C3B5E56E23}"
EndProject
Project("{FAE04EC0-301F-11D3-BF4B-00C04F79EFBC}") = "Client", "Client\Client.csproj", "{6DCB6F16-7F89-42BE-8B8C-9C093AE634E9}"
EndProject
Global
	GlobalSection(SolutionConfigurationPlatforms) = preSolution
		Debug|x86 = Debug|x86
		Release|x86 = Release|x86
	EndGlobalSection
	GlobalSection(ProjectConfigurationPlatforms) = postSolution
		{4F47B808-39D6-494A-9F26-10C3B5E56E23}.Debug|x86.ActiveCfg = Debug|x86
		{4F47B808-39D6-494A-9F26-10C3B5E56E23}.Debug|x86.Build.0 = Debug|x86
		{4F47B808-39D6-494A-9F26-10C3B5E56E23}.Release|x86.ActiveCfg = Release|x86
		{4F47B808-39D6-494A-9F26-10C3B5E56E23}.Release|x86.Build.0 = Release|x86
		{6DCB6F16-7F89-42BE-8B8C-9C093AE634E9}.Debug|x86.ActiveCfg = Debug|x86
		{6DCB6F16-7F89-42BE-8B8C-9C093AE634E9}.Debug|x86.Build.0 = Debug|x86
		{6DCB6F16-7F89-42BE-8B8C-9C093AE634E9}.Release|x86.ActiveCfg = Release|x86
		{6DCB6F16-7F89-42BE-8B8C-9C093AE634E9}.Release|x86.Build.0 = Release|x86
	EndGlobalSection
EndGlobal
